Microsoft Visual Studio Solution File, Format Version 12.00
# Visual Studio Version 17
VisualStudioVersion = 17.5.2.0
MinimumVisualStudioVersion = 10.0.40219.1
Project("{FAE04EC0-301F-11D3-BF4B-00C04F79EFBC}") = "pefi.homepage", "pefi.homepage.csproj", "{BF4C182D-6BC5-7B56-6908-E4A905D997B1}"
EndProject
Global
	GlobalSection(SolutionConfigurationPlatforms) = preSolution
		Debug|Any CPU = Debug|Any CPU
		Release|Any CPU = Release|Any CPU
	EndGlobalSection
	GlobalSection(ProjectConfigurationPlatforms) = postSolution
		{BF4C182D-6BC5-7B56-6908-E4A905D997B1}.Debug|Any CPU.ActiveCfg = Debug|Any CPU
		{BF4C182D-6BC5-7B56-6908-E4A905D997B1}.Debug|Any CPU.Build.0 = Debug|Any CPU
		{BF4C182D-6BC5-7B56-6908-E4A905D997B1}.Release|Any CPU.ActiveCfg = Release|Any CPU
		{BF4C182D-6BC5-7B56-6908-E4A905D997B1}.Release|Any CPU.Build.0 = Release|Any CPU
	EndGlobalSection
	GlobalSection(SolutionProperties) = preSolution
		HideSolutionNode = FALSE
	EndGlobalSection
	GlobalSection(ExtensibilityGlobals) = postSolution
		SolutionGuid = {6363150C-3CC0-4771-B031-04E5FB3B655E}
	EndGlobalSection
EndGlobal
